
Microsoft Visual Studio Solution File, Format Version 12.00
# Visual Studio Version 16
VisualStudioVersion = 16.0.30717.126
MinimumVisualStudioVersion = 10.0.40219.1
Project("{FAE04EC0-301F-11D3-BF4B-00C04F79EFBC}") = "MVC_Kitaplık", "MVC_Kitaplık\MVC_Kitaplık.csproj", "{71C5BB60-BDB5-4630-8CF5-D1962F31DD9A}"
EndProject
Global
	GlobalSection(SolutionConfigurationPlatforms) = preSolution
		Debug|Any CPU = Debug|Any CPU
		Release|Any CPU = Release|Any CPU
	EndGlobalSection
	GlobalSection(ProjectConfigurationPlatforms) = postSolution
		{71C5BB60-BDB5-4630-8CF5-D1962F31DD9A}.Debug|Any CPU.ActiveCfg = Debug|Any CPU
		{71C5BB60-BDB5-4630-8CF5-D1962F31DD9A}.Debug|Any CPU.Build.0 = Debug|Any CPU
		{71C5BB60-BDB5-4630-8CF5-D1962F31DD9A}.Release|Any CPU.ActiveCfg = Release|Any CPU
		{71C5BB60-BDB5-4630-8CF5-D1962F31DD9A}.Release|Any CPU.Build.0 = Release|Any CPU
	EndGlobalSection
	GlobalSection(SolutionProperties) = preSolution
		HideSolutionNode = FALSE
	EndGlobalSection
	GlobalSection(ExtensibilityGlobals) = postSolution
		SolutionGuid = {1B1E9EB7-BEA3-4385-BC5C-81F074B92C78}
	EndGlobalSection
EndGlobal
